# THIS IS AN AUTOGENERATED FILE. DO NOT EDIT THIS FILE DIRECTLY.
# yarn lockfile v1


"@codemirror/autocomplete@^6.0.0":
  version "6.1.0"
  resolved "https://registry.yarnpkg.com/@codemirror/autocomplete/-/autocomplete-6.1.0.tgz#7d3ca6d49e3a71cfd366c0af16172f5c128376eb"
  integrity sha512-wtO4O5WDyXhhCd4q4utDIDZxnQfmJ++3dGBCG9LMtI79+92OcA1DVk/n7BEupKmjIr8AzvptDz7YQ9ud6OkU+A==
  dependencies:
    "@codemirror/language" "^6.0.0"
    "@codemirror/state" "^6.0.0"
    "@codemirror/view" "^6.0.0"
    "@lezer/common" "^1.0.0"

"@codemirror/commands@^6.0.0":
  version "6.1.0"
  resolved "https://registry.yarnpkg.com/@codemirror/commands/-/commands-6.1.0.tgz#c9da851f419f25dae400d7cd94f80b80ef060696"
  integrity sha512-qCj2YqmbBjj0P1iumnlL5lBqZvJPzT+t2UvgjcaXErp5ZvMqFRVgQyrEfdXX6SX5UcvcHKBjXqno+MkUp0aYvQ==
  dependencies:
    "@codemirror/language" "^6.0.0"
    "@codemirror/state" "^6.0.0"
    "@codemirror/view" "^6.0.0"
    "@lezer/common" "^1.0.0"

"@codemirror/language@^6.0.0":
  version "6.2.1"
  resolved "https://registry.yarnpkg.com/@codemirror/language/-/language-6.2.1.tgz#cb10cd785a76e50ecd2fe2dc59ff66af8a41b87a"
  integrity sha512-MC3svxuvIj0MRpFlGHxLS6vPyIdbTr2KKPEW46kCoCXw2ktb4NTkpkPBI/lSP/FoNXLCBJ0mrnUi1OoZxtpW1Q==
  dependencies:
    "@codemirror/state" "^6.0.0"
    "@codemirror/view" "^6.0.0"
    "@lezer/common" "^1.0.0"
    "@lezer/highlight" "^1.0.0"
    "@lezer/lr" "^1.0.0"
    style-mod "^4.0.0"

"@codemirror/lint@^6.0.0":
  version "6.0.0"
  resolved "https://registry.yarnpkg.com/@codemirror/lint/-/lint-6.0.0.tgz#a249b021ac9933b94fe312d994d220f0ef11a157"
  integrity sha512-nUUXcJW1Xp54kNs+a1ToPLK8MadO0rMTnJB8Zk4Z8gBdrN0kqV7uvUraU/T2yqg+grDNR38Vmy/MrhQN/RgwiA==
  dependencies:
    "@codemirror/state" "^6.0.0"
    "@codemirror/view" "^6.0.0"
    crelt "^1.0.5"

"@codemirror/search@^6.0.0":
  version "6.2.0"
  resolved "https://registry.yarnpkg.com/@codemirror/search/-/search-6.2.0.tgz#05742292c8414dfcf86bd27ef2908d43620f79d2"
  integrity sha512-FVhpUvPFUJe8lg2EQJTTcF4RNI9d/OC3PVitvOfhv5OuY7ZgtMfJl22o5eMkzOEsUY2Wxe7BKGLpe2UI5Wq3PQ==
  dependencies:
    "@codemirror/state" "^6.0.0"
    "@codemirror/view" "^6.0.0"
    crelt "^1.0.5"

"@codemirror/state@^6.0.0":
  version "6.1.1"
  resolved "https://registry.yarnpkg.com/@codemirror/state/-/state-6.1.1.tgz#4f512e5e34ea23a5e10b2c1fe43f6195e90417bb"
  integrity sha512-2s+aXsxmAwnR3Rd+JDHPG/1lw0YsA9PEwl7Re88gHJHGfxyfEzKBmsN4rr53RyPIR4lzbbhJX0DCq0WlqlBIRw==

"@codemirror/view@^6.0.0":
  version "6.2.2"
  resolved "https://registry.yarnpkg.com/@codemirror/view/-/view-6.2.2.tgz#1198ee5c303fdd6b4384b8ea8bcc43378c7753b9"
  integrity sha512-RwtFlBM/+xnv95urH1D8bVsX3KYLZGygGyZG2TZoXW2Q/GMrI+AuUXh7jBE1M38IOX3YnLTlp6RdgCx3Xo2jVA==
  dependencies:
    "@codemirror/state" "^6.0.0"
    style-mod "^4.0.0"
    w3c-keyname "^2.2.4"

"@creativebulma/bulma-divider@^1.1.0":
  version "1.1.0"
  resolved "https://registry.yarnpkg.com/@creativebulma/bulma-divider/-/bulma-divider-1.1.0.tgz#fb0c3527efc5b8d7b1ac52cd065e9f8c57b5a8bc"
  integrity sha512-Lx5MlUhgAnTF+wNZ5LXcaE1K0F2m0Pkwte1p08FBsIyRV6Oq7BuKPk/O9XJPcF+vR6BjCxNy/hjYFXtNmoXbNg==

"@creativebulma/bulma-tagsinput@^1.0.3":
  version "1.0.3"
  resolved "https://registry.yarnpkg.com/@creativebulma/bulma-tagsinput/-/bulma-tagsinput-1.0.3.tgz#bbf38aad9a4ed0f04f2baa7832b21679cdc54462"
  integrity sha512-uQg0KEBcvEmSfwozv2EkFtqai1+pwOgunt3YLlADjRuyKXQePcR3nPW4EDnLMsCt9XlDr4RLu5pcp3XwHIhaOQ==

"@lezer/common@^1.0.0":
  version "1.0.1"
  resolved "https://registry.yarnpkg.com/@lezer/common/-/common-1.0.1.tgz#d014fda6d582c24336fadf2715e76f02f73c8908"
  integrity sha512-8TR5++Q/F//tpDsLd5zkrvEX5xxeemafEaek7mUp7Y+bI8cKQXdSqhzTOBaOogETcMOVr0pT3BBPXp13477ciw==

"@lezer/highlight@^1.0.0":
  version "1.0.0"
  resolved "https://registry.yarnpkg.com/@lezer/highlight/-/highlight-1.0.0.tgz#1dc82300f5d39fbd67ae1194b5519b4c381878d3"
  integrity sha512-nsCnNtim90UKsB5YxoX65v3GEIw3iCHw9RM2DtdgkiqAbKh9pCdvi8AWNwkYf10Lu6fxNhXPpkpHbW6mihhvJA==
  dependencies:
    "@lezer/common" "^1.0.0"

"@lezer/lr@^1.0.0":
  version "1.2.3"
  resolved "https://registry.yarnpkg.com/@lezer/lr/-/lr-1.2.3.tgz#f44ca844f15f6762fde4eab877d110567e34ffa1"
  integrity sha512-qpB7rBzH8f6Mzjv2AVZRahcm+2Cf7nbIH++uXbvVOL1yIRvVWQ3HAM/saeBLCyz/togB7LGo76qdJYL1uKQlqA==
  dependencies:
    "@lezer/common" "^1.0.0"

"@mdi/font@^7.0.96":
  version "7.0.96"
  resolved "https://registry.yarnpkg.com/@mdi/font/-/font-7.0.96.tgz#9853c222623072f5575b4039c8c195ea929b61fc"
  integrity sha512-rzlxTfR64hqY8yiBzDjmANfcd8rv+T5C0Yedv/TWk2QyAQYdc66e0kaN1ipmnYU3RukHRTRcBARHzzm+tIhL7w==

bulma-checkradio@^2.1.3:
  version "2.1.3"
  resolved "https://registry.yarnpkg.com/bulma-checkradio/-/bulma-checkradio-2.1.3.tgz#e3e1fe086cc5b522d1a13801a60c440b433b8112"
  integrity sha512-8OmZ7PURyftNLGXSTNAYNTJHIe0OkoH/8z9iWfSXGxiv3AlrKneMtiVpBKofXsvc9ZHBUI1YjefiW5WFhgFgAQ==
  dependencies:
    bulma "^0.9.3"

bulma-switch@^2.0.4:
  version "2.0.4"
  resolved "https://registry.yarnpkg.com/bulma-switch/-/bulma-switch-2.0.4.tgz#a6dea1a026d025a7093a3675b2a599a36820e3a3"
  integrity sha512-kMu4H0Pr0VjvfsnT6viRDCgptUq0Rvy7y7PX6q+IHg1xUynsjszPjhAdal5ysAlCG5HNO+5YXxeiu92qYGQolw==

bulma@^0.9.3, bulma@^0.9.4:
  version "0.9.4"
  resolved "https://registry.yarnpkg.com/bulma/-/bulma-0.9.4.tgz#0ca8aeb1847a34264768dba26a064c8be72674a1"
  integrity sha512-86FlT5+1GrsgKbPLRRY7cGDg8fsJiP/jzTqXXVqiUZZ2aZT8uemEOHlU1CDU+TxklPEZ11HZNNWclRBBecP4CQ==

codemirror-spell-checker@*:
  version "1.1.2"
  resolved "https://registry.yarnpkg.com/codemirror-spell-checker/-/codemirror-spell-checker-1.1.2.tgz#1c660f9089483ccb5113b9ba9ca19c3f4993371e"
  integrity sha512-2Tl6n0v+GJRsC9K3MLCdLaMOmvWL0uukajNJseorZJsslaxZyZMgENocPU8R0DyoTAiKsyqiemSOZo7kjGV0LQ==
  dependencies:
    typo-js "*"

codemirror@*:
  version "6.0.1"
  resolved "https://registry.yarnpkg.com/codemirror/-/codemirror-6.0.1.tgz#62b91142d45904547ee3e0e0e4c1a79158035a29"
  integrity sha512-J8j+nZ+CdWmIeFIGXEFbFPtpiYacFMDR8GlHK3IyHQJMCaVRfGx9NT+Hxivv1ckLWPvNdZqndbr/7lVhrf/Svg==
  dependencies:
    "@codemirror/autocomplete" "^6.0.0"
    "@codemirror/commands" "^6.0.0"
    "@codemirror/language" "^6.0.0"
    "@codemirror/lint" "^6.0.0"
    "@codemirror/search" "^6.0.0"
    "@codemirror/state" "^6.0.0"
    "@codemirror/view" "^6.0.0"

crelt@^1.0.5:
  version "1.0.5"
  resolved "https://registry.yarnpkg.com/crelt/-/crelt-1.0.5.tgz#57c0d52af8c859e354bace1883eb2e1eb182bb94"
  integrity sha512-+BO9wPPi+DWTDcNYhr/W90myha8ptzftZT+LwcmUbbok0rcP/fequmFYCw8NMoH7pkAZQzU78b3kYrlua5a9eA==

jquery@^3.6.1:
  version "3.6.1"
  resolved "https://registry.yarnpkg.com/jquery/-/jquery-3.6.1.tgz#fab0408f8b45fc19f956205773b62b292c147a16"
  integrity sha512-opJeO4nCucVnsjiXOE+/PcCgYw9Gwpvs/a6B1LL/lQhwWwpbVEVYDZ1FokFr8PRc7ghYlrFPuyHuiiDNTQxmcw==

marked@*:
  version "4.1.0"
  resolved "https://registry.yarnpkg.com/marked/-/marked-4.1.0.tgz#3fc6e7485f21c1ca5d6ec4a39de820e146954796"
  integrity sha512-+Z6KDjSPa6/723PQYyc1axYZpYYpDnECDaU6hkaf5gqBieBkMKYReL5hteF2QizhlMbgbo8umXl/clZ67+GlsA==

simplemde@^1.11.2:
  version "1.11.2"
  resolved "https://registry.yarnpkg.com/simplemde/-/simplemde-1.11.2.tgz#a23a35d978d2c40ef07dec008c92f070d8e080e3"
  integrity sha512-AUXuHJ/tEEDEcN/MTitHIw3AuBcheizJt7SVwtyn00B0UK5RKZ3GB+JndmRcJ5wfYGCIL0O2yJm/uz0sJOFSLg==
  dependencies:
    codemirror "*"
    codemirror-spell-checker "*"
    marked "*"

style-mod@^4.0.0:
  version "4.0.0"
  resolved "https://registry.yarnpkg.com/style-mod/-/style-mod-4.0.0.tgz#97e7c2d68b592975f2ca7a63d0dd6fcacfe35a01"
  integrity sha512-OPhtyEjyyN9x3nhPsu76f52yUGXiZcgvsrFVtvTkyGRQJ0XK+GPc6ov1z+lRpbeabka+MYEQxOYRnt5nF30aMw==

typeface-libre-baskerville@^1.1.13:
  version "1.1.13"
  resolved "https://registry.yarnpkg.com/typeface-libre-baskerville/-/typeface-libre-baskerville-1.1.13.tgz#5a3e4eb10c1b63bef511dc920e40c1c102f7845a"
  integrity sha512-mLaex5KvFi+nolW3x+oePnT/+Fn84yeWQWYv2K6TC0y+SPU/k3kh91Kk6vWBmBAlP+CC5bsJ9RNgU0nRTsvUtQ==

typeface-montserrat@^1.1.13:
  version "1.1.13"
  resolved "https://registry.yarnpkg.com/typeface-montserrat/-/typeface-montserrat-1.1.13.tgz#2a16729c174dd1a8c3fec05a851b7725412606cc"
  integrity sha512-Pklkyj0e+K+6I/t0M6JBDBphpfJkF1k+3qd8qDnp9aVtCC7oGBQWTAcL6+5eArfGe7h73uPwyal73hEkf9YCUA==

typeface-noto-sans@^1.1.13:
  version "1.1.13"
  resolved "https://registry.yarnpkg.com/typeface-noto-sans/-/typeface-noto-sans-1.1.13.tgz#bd9580c238a788b6171395f39528e6b05a37084f"
  integrity sha512-kXh+qmc6lS5VZKyELW0VgtXAFP9C8KC44+hdqpl4bhdNG+Y5u7txrPURUE+5Wo8/mIpUz2A48O866zrcY/L/fw==

typeface-unifrakturcook@^1.1.13:
  version "1.1.13"
  resolved "https://registry.yarnpkg.com/typeface-unifrakturcook/-/typeface-unifrakturcook-1.1.13.tgz#ae0cff082cd727dcea0093fab0b294e0e69be075"
  integrity sha512-l1DUVkZXBMfn8JFJPnhoSZFHvniax65E8Rz5hoBkxLdzogg4wFEzc71/XctDT6eUDV5hScC6mVybl1qDYszV+g==

typo-js@*:
  version "1.2.2"
  resolved "https://registry.yarnpkg.com/typo-js/-/typo-js-1.2.2.tgz#340484d81fe518e77c81a5a770162b14492f183b"
  integrity sha512-C7pYBQK17EjSg8tVNY91KHdUt5Nf6FMJ+c3js076quPmBML57PmNMzAcIq/2kf/hSYtFABNDIYNYlJRl5BJhGw==

uuid@^8.3.2:
  version "8.3.2"
  resolved "https://registry.yarnpkg.com/uuid/-/uuid-8.3.2.tgz#80d5b5ced271bb9af6c445f21a1a04c606cefbe2"
  integrity sha512-+NYs2QeMWy+GWFOEm9xnn6HCDp0l7QBD7ml8zLUmJ+93Q5NF0NocErnwkTkXVFNiX3/fpC6afS8Dhb/gz7R7eg==

w3c-keyname@^2.2.4:
  version "2.2.6"
  resolved "https://registry.yarnpkg.com/w3c-keyname/-/w3c-keyname-2.2.6.tgz#8412046116bc16c5d73d4e612053ea10a189c85f"
  integrity sha512-f+fciywl1SJEniZHD6H+kUO8gOnwIr7f4ijKA6+ZvJFjeGi1r4PDLl53Ayud9O/rk64RqgoQine0feoeOU0kXg==
