# THIS IS AN AUTOGENERATED FILE. DO NOT EDIT THIS FILE DIRECTLY.
# yarn lockfile v1


"@mdi/font@^3.9.96":
  version "3.9.97"
  resolved "https://registry.yarnpkg.com/@mdi/font/-/font-3.9.97.tgz#b9f31e05574452e84f57e5b81d34ffd593bc9c29"
  integrity sha512-yADBl2mzqIssrhLaRvJ2gZPyEQK+fN9uYh/1/cwwuq2lKDx+ITWsOrh1vlHMfw1IICMx9cwBjSoiCf3B8Br8nw==

getskeleton@^2.0.4:
  version "2.0.4"
  resolved "https://registry.yarnpkg.com/getskeleton/-/getskeleton-2.0.4.tgz#2e003e7b5c225f46263bf6736bcb67d8e250b9f6"
  integrity sha1-LgA+e1wiX0YmO/Zza8tn2OJQufY=

normalize.css@^8.0.1:
  version "8.0.1"
  resolved "https://registry.yarnpkg.com/normalize.css/-/normalize.css-8.0.1.tgz#9b98a208738b9cc2634caacbc42d131c97487bf3"
  integrity sha512-qizSNPO93t1YUuUhP22btGOo3chcvDFqFaj2TRybP0DMxkHOCTYwp3n34fel4a31ORXy4m1Xq0Gyqpb5m33qIg==

typeface-libre-baskerville@^0.0.72:
  version "0.0.72"
  resolved "https://registry.yarnpkg.com/typeface-libre-baskerville/-/typeface-libre-baskerville-0.0.72.tgz#c5d6d82a9b316f01a1714088f8ca36fe7c3f418b"
  integrity sha512-8eY5Tee80wNMfKCPYQguj2dODct+sQo3Et7meKOYklvaBRA1PK/DQnaNlYT+I85s1Z7PGUwBtZuG0yOIz4R9vg==

typeface-montserrat@^0.0.75:
  version "0.0.75"
  resolved "https://registry.yarnpkg.com/typeface-montserrat/-/typeface-montserrat-0.0.75.tgz#b796d9c767ab8ed1343271985beb1e44b382b7b3"
  integrity sha512-8ski20t3hdwu2T85pVfjK4jsDbwW8yWzd+LAKxYEmu+JVLVlB7G2yfmdKZz06pUwYCLVFvHvup+NYYulHDpE+w==

typeface-noto-sans@^0.0.72:
  version "0.0.72"
  resolved "https://registry.yarnpkg.com/typeface-noto-sans/-/typeface-noto-sans-0.0.72.tgz#44f1022fe094595240c89f1e362517b1fe35be6c"
  integrity sha512-a5wI6LUIQ/6XRRf9x/ZXjO4NwfTfcPmkMVe0SoUKVWw/s7GGWERAK73PKFLEmKKGaN59OkwFsotPgYtea0d34A==

typeface-unifrakturcook@^0.0.71:
  version "0.0.71"
  resolved "https://registry.yarnpkg.com/typeface-unifrakturcook/-/typeface-unifrakturcook-0.0.71.tgz#3bb631d2f5ce5e467264126a3093c4b664f8619b"
  integrity sha512-6YCj624GD7tkdhOxJ4qm+O3fwnRqxA7FwENNZl0MzPVf1a/9K/PW6K3TOKGmvgBT454+CW6oMhFYhPRm69R1Sw==
